<?xml version="1.0" encoding="utf-8"?>
<Project ToolsVersion="4.0" xmlns="http://schemas.microsoft.com/developer/msbuild/2003">
  <ItemGroup>
    <Filter Include="System">
      <UniqueIdentifier>{c20b7677-e43c-42d9-b332-4df814bfa825}</UniqueIdentifier>
    </Filter>
    <Filter Include="GameElements">
      <UniqueIdentifier>{bcc293e2-45a3-4046-a008-6013730ddd30}</UniqueIdentifier>
    </Filter>
  </ItemGroup>
  <ItemGroup>
    <ClCompile Include="src\GameElements\game_loop.cpp">
      <Filter>GameElements</Filter>
    </ClCompile>
    <ClCompile Include="src\GameElements\bullet.cpp">
      <Filter>GameElements</Filter>
    </ClCompile>
    <ClCompile Include="src\GameElements\player.cpp">
      <Filter>GameElements</Filter>
    </ClCompile>
    <ClCompile Include="src\GameElements\asteroid.cpp">
      <Filter>GameElements</Filter>
    </ClCompile>
    <ClCompile Include="src\System\main.cpp" />
    <ClCompile Include="src\System\start_menu.cpp">
      <Filter>System</Filter>
    </ClCompile>
    <ClCompile Include="src\System\credits_menu.cpp">
      <Filter>System</Filter>
    </ClCompile>
    <ClCompile Include="src\System\rules_menu.cpp">
      <Filter>System</Filter>
    </ClCompile>
    <ClCompile Include="src\System\core_loop.cpp">
      <Filter>System</Filter>
    </ClCompile>
  </ItemGroup>
  <ItemGroup>
    <ClInclude Include="src\GameElements\game_loop.h">
      <Filter>GameElements</Filter>
    </ClInclude>
    <ClInclude Include="src\GameElements\player.h">
      <Filter>GameElements</Filter>
    </ClInclude>
    <ClInclude Include="src\GameElements\bullet.h">
      <Filter>GameElements</Filter>
    </ClInclude>
    <ClInclude Include="src\GameElements\asteroid.h">
      <Filter>GameElements</Filter>
    </ClInclude>
    <ClInclude Include="src\System\start_menu.h">
      <Filter>System</Filter>
    </ClInclude>
    <ClInclude Include="src\System\credits_menu.h">
      <Filter>System</Filter>
    </ClInclude>
    <ClInclude Include="src\System\rules_menu.h">
      <Filter>System</Filter>
    </ClInclude>
    <ClInclude Include="src\System\core_loop.h">
      <Filter>System</Filter>
    </ClInclude>
  </ItemGroup>
</Project>